Microsoft Visual Studio Solution File, Format Version 12.00
# Visual Studio Version 17
VisualStudioVersion = 17.5.2.0
MinimumVisualStudioVersion = 10.0.40219.1
Project("{FAE04EC0-301F-11D3-BF4B-00C04F79EFBC}") = "InstagramFollowerTracker", "InstagramFollowerTracker.csproj", "{758DC0D9-028A-14B6-5BD7-958A679D49BE}"
EndProject
Global
	GlobalSection(SolutionConfigurationPlatforms) = preSolution
		Debug|Any CPU = Debug|Any CPU
		Release|Any CPU = Release|Any CPU
	EndGlobalSection
	GlobalSection(ProjectConfigurationPlatforms) = postSolution
		{758DC0D9-028A-14B6-5BD7-958A679D49BE}.Debug|Any CPU.ActiveCfg = Debug|Any CPU
		{758DC0D9-028A-14B6-5BD7-958A679D49BE}.Debug|Any CPU.Build.0 = Debug|Any CPU
		{758DC0D9-028A-14B6-5BD7-958A679D49BE}.Release|Any CPU.ActiveCfg = Release|Any CPU
		{758DC0D9-028A-14B6-5BD7-958A679D49BE}.Release|Any CPU.Build.0 = Release|Any CPU
	EndGlobalSection
	GlobalSection(SolutionProperties) = preSolution
		HideSolutionNode = FALSE
	EndGlobalSection
	GlobalSection(ExtensibilityGlobals) = postSolution
		SolutionGuid = {F5005214-5AAD-4909-B03A-1CE55E242005}
	EndGlobalSection
EndGlobal
